
Microsoft Visual Studio Solution File, Format Version 12.00
# Visual Studio 2012
Project("{FAE04EC0-301F-11D3-BF4B-00C04F79EFBC}") = "kata.web", "src\kata.web\kata.web.csproj", "{97361213-A715-48AA-A5D4-9176B24018B8}"
EndProject
Project("{FAE04EC0-301F-11D3-BF4B-00C04F79EFBC}") = "kata.web.test.unit", "tests.unit\kata.web.test.unit\kata.web.test.unit.csproj", "{47E39E13-37BE-4765-A6D5-3702F6FB384E}"
EndProject
Global
	GlobalSection(SolutionConfigurationPlatforms) = preSolution
		Debug|Any CPU = Debug|Any CPU
		Release|Any CPU = Release|Any CPU
	EndGlobalSection
	GlobalSection(ProjectConfigurationPlatforms) = postSolution
		{97361213-A715-48AA-A5D4-9176B24018B8}.Debug|Any CPU.ActiveCfg = Debug|Any CPU
		{97361213-A715-48AA-A5D4-9176B24018B8}.Debug|Any CPU.Build.0 = Debug|Any CPU
		{97361213-A715-48AA-A5D4-9176B24018B8}.Release|Any CPU.ActiveCfg = Release|Any CPU
		{97361213-A715-48AA-A5D4-9176B24018B8}.Release|Any CPU.Build.0 = Release|Any CPU
		{47E39E13-37BE-4765-A6D5-3702F6FB384E}.Debug|Any CPU.ActiveCfg = Debug|Any CPU
		{47E39E13-37BE-4765-A6D5-3702F6FB384E}.Debug|Any CPU.Build.0 = Debug|Any CPU
		{47E39E13-37BE-4765-A6D5-3702F6FB384E}.Release|Any CPU.ActiveCfg = Release|Any CPU
		{47E39E13-37BE-4765-A6D5-3702F6FB384E}.Release|Any CPU.Build.0 = Release|Any CPU
	EndGlobalSection
	GlobalSection(SolutionProperties) = preSolution
		HideSolutionNode = FALSE
	EndGlobalSection
EndGlobal
